// !$*UTF8*$!
{
	archiveVersion = 1;
	classes = {
	};
	objectVersion = 50;
	objects = {

/* Begin PBXBuildFile section */
		DC6A734F255066DC00A95387 /* AppDelegate.swift in Sources */ = {isa = PBXBuildFile; fileRef = DC6A734E255066DC00A95387 /* AppDelegate.swift */; };
		DC6A7351255066DC00A95387 /* SceneDelegate.swift in Sources */ = {isa = PBXBuildFile; fileRef = DC6A7350255066DC00A95387 /* SceneDelegate.swift */; };
		DC6A7353255066DC00A95387 /* ViewController.swift in Sources */ = {isa = PBXBuildFile; fileRef = DC6A7352255066DC00A95387 /* ViewController.swift */; };
		DC6A7356255066DC00A95387 /* Main.storyboard in Resources */ = {isa = PBXBuildFile; fileRef = DC6A7354255066DC00A95387 /* Main.storyboard */; };
		DC6A7358255066DE00A95387 /* Assets.xcassets in Resources */ = {isa = PBXBuildFile; fileRef = DC6A7357255066DE00A95387 /* Assets.xcassets */; };
		DC6A735B255066DE00A95387 /* LaunchScreen.storyboard in Resources */ = {isa = PBXBuildFile; fileRef = DC6A7359255066DE00A95387 /* LaunchScreen.storyboard */; };
		DC6A7366255066DE00A95387 /* ConcentrationTests.swift in Sources */ = {isa = PBXBuildFile; fileRef = DC6A7365255066DE00A95387 /* ConcentrationTests.swift */; };
		DC6A7371255066DE00A95387 /* ConcentrationUITests.swift in Sources */ = {isa = PBXBuildFile; fileRef = DC6A7370255066DE00A95387 /* ConcentrationUITests.swift */; };
		DC817327256E4ECE00862BA4 /* Card.swift in Sources */ = {isa = PBXBuildFile; fileRef = DC817326256E4ECE00862BA4 /* Card.swift */; };
		DC81732C256E4F3100862BA4 /* ConcentrationGame.swift in Sources */ = {isa = PBXBuildFile; fileRef = DC81732B256E4F3100862BA4 /* ConcentrationGame.swift */; };
/* End PBXBuildFile section */

/* Begin PBXContainerItemProxy section */
		DC6A7362255066DE00A95387 /* PBXContainerItemProxy */ = {
			isa = PBXContainerItemProxy;
			containerPortal = DC6A7343255066DC00A95387 /* Project object */;
			proxyType = 1;
			remoteGlobalIDString = DC6A734A255066DC00A95387;
			remoteInfo = Concentration;
		};
		DC6A736D255066DE00A95387 /* PBXContainerItemProxy */ = {
			isa = PBXContainerItemProxy;
			containerPortal = DC6A7343255066DC00A95387 /* Project object */;
			proxyType = 1;
			remoteGlobalIDString = DC6A734A255066DC00A95387;
			remoteInfo = Concentration;
		};
/* End PBXContainerItemProxy section */

/* Begin PBXFileReference section */
		DC6A734B255066DC00A95387 /* Concentration.app */ = {isa = PBXFileReference; explicitFileType = wrapper.application; includeInIndex = 0; path = Concentration.app; sourceTree = BUILT_PRODUCTS_DIR; };
		DC6A734E255066DC00A95387 /* AppDelegate.swift */ = {isa = PBXFileReference; lastKnownFileType = sourcecode.swift; path = AppDelegate.swift; sourceTree = "<group>"; };
		DC6A7350255066DC00A95387 /* SceneDelegate.swift */ = {isa = PBXFileReference; lastKnownFileType = sourcecode.swift; path = SceneDelegate.swift; sourceTree = "<group>"; };
		DC6A7352255066DC00A95387 /* ViewController.swift */ = {isa = PBXFileReference; lastKnownFileType = sourcecode.swift; path = ViewController.swift; sourceTree = "<group>"; };
		DC6A7355255066DC00A95387 /* Base */ = {isa = PBXFileReference; lastKnownFileType = file.storyboard; name = Base; path = Base.lproj/Main.storyboard; sourceTree = "<group>"; };
		DC6A7357255066DE00A95387 /* Assets.xcassets */ = {isa = PBXFileReference; lastKnownFileType = folder.assetcatalog; path = Assets.xcassets; sourceTree = "<group>"; };
		DC6A735A255066DE00A95387 /* Base */ = {isa = PBXFileReference; lastKnownFileType = file.storyboard; name = Base; path = Base.lproj/LaunchScreen.storyboard; sourceTree = "<group>"; };
		DC6A735C255066DE00A95387 /* Info.plist */ = {isa = PBXFileReference; lastKnownFileType = text.plist.xml; path = Info.plist; sourceTree = "<group>"; };
		DC6A7361255066DE00A95387 /* ConcentrationTests.xctest */ = {isa = PBXFileReference; explicitFileType = wrapper.cfbundle; includeInIndex = 0; path = ConcentrationTests.xctest; sourceTree = BUILT_PRODUCTS_DIR; };
		DC6A7365255066DE00A95387 /* ConcentrationTests.swift */ = {isa = PBXFileReference; lastKnownFileType = sourcecode.swift; path = ConcentrationTests.swift; sourceTree = "<group>"; };
		DC6A7367255066DE00A95387 /* Info.plist */ = {isa = PBXFileReference; lastKnownFileType = text.plist.xml; path = Info.plist; sourceTree = "<group>"; };
		DC6A736C255066DE00A95387 /* ConcentrationUITests.xctest */ = {isa = PBXFileReference; explicitFileType = wrapper.cfbundle; includeInIndex = 0; path = ConcentrationUITests.xctest; sourceTree = BUILT_PRODUCTS_DIR; };
		DC6A7370255066DE00A95387 /* ConcentrationUITests.swift */ = {isa = PBXFileReference; lastKnownFileType = sourcecode.swift; path = ConcentrationUITests.swift; sourceTree = "<group>"; };
		DC6A7372255066DE00A95387 /* Info.plist */ = {isa = PBXFileReference; lastKnownFileType = text.plist.xml; path = Info.plist; sourceTree = "<group>"; };
		DC817326256E4ECE00862BA4 /* Card.swift */ = {isa = PBXFileReference; lastKnownFileType = sourcecode.swift; path = Card.swift; sourceTree = "<group>"; };
		DC81732B256E4F3100862BA4 /* ConcentrationGame.swift */ = {isa = PBXFileReference; lastKnownFileType = sourcecode.swift; path = ConcentrationGame.swift; sourceTree = "<group>"; };
/* End PBXFileReference section */

/* Begin PBXFrameworksBuildPhase section */
		DC6A7348255066DC00A95387 /* Frameworks */ = {
			isa = PBXFrameworksBuildPhase;
			buildActionMask = 2147483647;
			files = (
			);
			runOnlyForDeploymentPostprocessing = 0;
		};
		DC6A735E255066DE00A95387 /* Frameworks */ = {
			isa = PBXFrameworksBuildPhase;
			buildActionMask = 2147483647;
			files = (
			);
			runOnlyForDeploymentPostprocessing = 0;
		};
		DC6A7369255066DE00A95387 /* Frameworks */ = {
			isa = PBXFrameworksBuildPhase;
			buildActionMask = 2147483647;
			files = (
			);
			runOnlyForDeploymentPostprocessing = 0;
		};
/* End PBXFrameworksBuildPhase section */

/* Begin PBXGroup section */
		DC6A7342255066DC00A95387 = {
			isa = PBXGroup;
			children = (
				DC817326256E4ECE00862BA4 /* Card.swift */,
				DC6A734D255066DC00A95387 /* Concentration */,
				DC6A7364255066DE00A95387 /* ConcentrationTests */,
				DC6A736F255066DE00A95387 /* ConcentrationUITests */,
				DC6A734C255066DC00A95387 /* Products */,
			);
			sourceTree = "<group>";
		};
		DC6A734C255066DC00A95387 /* Products */ = {
			isa = PBXGroup;
			children = (
				DC6A734B255066DC00A95387 /* Concentration.app */,
				DC6A7361255066DE00A95387 /* ConcentrationTests.xctest */,
				DC6A736C255066DE00A95387 /* ConcentrationUITests.xctest */,
			);
			name = Products;
			sourceTree = "<group>";
		};
		DC6A734D255066DC00A95387 /* Concentration */ = {
			isa = PBXGroup;
			children = (
				DC6A734E255066DC00A95387 /* AppDelegate.swift */,
				DC6A7350255066DC00A95387 /* SceneDelegate.swift */,
				DC6A7352255066DC00A95387 /* ViewController.swift */,
				DC81732B256E4F3100862BA4 /* ConcentrationGame.swift */,
				DC6A7354255066DC00A95387 /* Main.storyboard */,
				DC6A7357255066DE00A95387 /* Assets.xcassets */,
				DC6A7359255066DE00A95387 /* LaunchScreen.storyboard */,
				DC6A735C255066DE00A95387 /* Info.plist */,
			);
			path = Concentration;
			sourceTree = "<group>";
		};
		DC6A7364255066DE00A95387 /* ConcentrationTests */ = {
			isa = PBXGroup;
			children = (
				DC6A7365255066DE00A95387 /* ConcentrationTests.swift */,
				DC6A7367255066DE00A95387 /* Info.plist */,
			);
			path = ConcentrationTests;
			sourceTree = "<group>";
		};
		DC6A736F255066DE00A95387 /* ConcentrationUITests */ = {
			isa = PBXGroup;
			children = (
				DC6A7370255066DE00A95387 /* ConcentrationUITests.swift */,
				DC6A7372255066DE00A95387 /* Info.plist */,
			);
			path = ConcentrationUITests;
			sourceTree = "<group>";
		};
/* End PBXGroup section */

/* Begin PBXNativeTarget section */
		DC6A734A255066DC00A95387 /* Concentration */ = {
			isa = PBXNativeTarget;
			buildConfigurationList = DC6A7375255066DE00A95387 /* Build configuration list for PBXNativeTarget "Concentration" */;
			buildPhases = (
				DC6A7347255066DC00A95387 /* Sources */,
				DC6A7348255066DC00A95387 /* Frameworks */,
				DC6A7349255066DC00A95387 /* Resources */,
			);
			buildRules = (
			);
			dependencies = (
			);
			name = Concentration;
			productName = Concentration;
			productReference = DC6A734B255066DC00A95387 /* Concentration.app */;
			productType = "com.apple.product-type.application";
		};
		DC6A7360255066DE00A95387 /* ConcentrationTests */ = {
			isa = PBXNativeTarget;
			buildConfigurationList = DC6A7378255066DE00A95387 /* Build configuration list for PBXNativeTarget "ConcentrationTests" */;
			buildPhases = (
				DC6A735D255066DE00A95387 /* Sources */,
				DC6A735E255066DE00A95387 /* Frameworks */,
				DC6A735F255066DE00A95387 /* Resources */,
			);
			buildRules = (
			);
			dependencies = (
				DC6A7363255066DE00A95387 /* PBXTargetDependency */,
			);
			name = ConcentrationTests;
			productName = ConcentrationTests;
			productReference = DC6A7361255066DE00A95387 /* ConcentrationTests.xctest */;
			productType = "com.apple.product-type.bundle.unit-test";
		};
		DC6A736B255066DE00A95387 /* ConcentrationUITests */ = {
			isa = PBXNativeTarget;
			buildConfigurationList = DC6A737B255066DE00A95387 /* Build configuration list for PBXNativeTarget "ConcentrationUITests" */;
			buildPhases = (
				DC6A7368255066DE00A95387 /* Sources */,
				DC6A7369255066DE00A95387 /* Frameworks */,
				DC6A736A255066DE00A95387 /* Resources */,
			);
			buildRules = (
			);
			dependencies = (
				DC6A736E255066DE00A95387 /* PBXTargetDependency */,
			);
			name = ConcentrationUITests;
			productName = ConcentrationUITests;
			productReference = DC6A736C255066DE00A95387 /* ConcentrationUITests.xctest */;
			productType = "com.apple.product-type.bundle.ui-testing";
		};
/* End PBXNativeTarget section */

/* Begin PBXProject section */
		DC6A7343255066DC00A95387 /* Project object */ = {
			isa = PBXProject;
			attributes = {
				LastSwiftUpdateCheck = 1210;
				LastUpgradeCheck = 1210;
				TargetAttributes = {
					DC6A734A255066DC00A95387 = {
						CreatedOnToolsVersion = 12.1;
					};
					DC6A7360255066DE00A95387 = {
						CreatedOnToolsVersion = 12.1;
						TestTargetID = DC6A734A255066DC00A95387;
					};
					DC6A736B255066DE00A95387 = {
						CreatedOnToolsVersion = 12.1;
						TestTargetID = DC6A734A255066DC00A95387;
					};
				};
			};
			buildConfigurationList = DC6A7346255066DC00A95387 /* Build configuration list for PBXProject "Concentration" */;
			compatibilityVersion = "Xcode 9.3";
			developmentRegion = en;
			hasScannedForEncodings = 0;
			knownRegions = (
				en,
				Base,
			);
			mainGroup = DC6A7342255066DC00A95387;
			productRefGroup = DC6A734C255066DC00A95387 /* Products */;
			projectDirPath = "";
			projectRoot = "";
			targets = (
				DC6A734A255066DC00A95387 /* Concentration */,
				DC6A7360255066DE00A95387 /* ConcentrationTests */,
				DC6A736B255066DE00A95387 /* ConcentrationUITests */,
			);
		};
/* End PBXProject section */

/* Begin PBXResourcesBuildPhase section */
		DC6A7349255066DC00A95387 /* Resources */ = {
			isa = PBXResourcesBuildPhase;
			buildActionMask = 2147483647;
			files = (
				DC6A735B255066DE00A95387 /* LaunchScreen.storyboard in Resources */,
				DC6A7358255066DE00A95387 /* Assets.xcassets in Resources */,
				DC6A7356255066DC00A95387 /* Main.storyboard in Resources */,
			);
			runOnlyForDeploymentPostprocessing = 0;
		};
		DC6A735F255066DE00A95387 /* Resources */ = {
			isa = PBXResourcesBuildPhase;
			buildActionMask = 2147483647;
			files = (
			);
			runOnlyForDeploymentPostprocessing = 0;
		};
		DC6A736A255066DE00A95387 /* Resources */ = {
			isa = PBXResourcesBuildPhase;
			buildActionMask = 2147483647;
			files = (
			);
			runOnlyForDeploymentPostprocessing = 0;
		};
/* End PBXResourcesBuildPhase section */

/* Begin PBXSourcesBuildPhase section */
		DC6A7347255066DC00A95387 /* Sources */ = {
			isa = PBXSourcesBuildPhase;
			buildActionMask = 2147483647;
			files = (
				DC6A7353255066DC00A95387 /* ViewController.swift in Sources */,
				DC6A734F255066DC00A95387 /* AppDelegate.swift in Sources */,
				DC81732C256E4F3100862BA4 /* ConcentrationGame.swift in Sources */,
				DC6A7351255066DC00A95387 /* SceneDelegate.swift in Sources */,
				DC817327256E4ECE00862BA4 /* Card.swift in Sources */,
			);
			runOnlyForDeploymentPostprocessing = 0;
		};
		DC6A735D255066DE00A95387 /* Sources */ = {
			isa = PBXSourcesBuildPhase;
			buildActionMask = 2147483647;
			files = (
				DC6A7366255066DE00A95387 /* ConcentrationTests.swift in Sources */,
			);
			runOnlyForDeploymentPostprocessing = 0;
		};
		DC6A7368255066DE00A95387 /* Sources */ = {
			isa = PBXSourcesBuildPhase;
			buildActionMask = 2147483647;
			files = (
				DC6A7371255066DE00A95387 /* ConcentrationUITests.swift in Sources */,
			);
			runOnlyForDeploymentPostprocessing = 0;
		};
/* End PBXSourcesBuildPhase section */

/* Begin PBXTargetDependency section */
		DC6A7363255066DE00A95387 /* PBXTargetDependency */ = {
			isa = PBXTargetDependency;
			target = DC6A734A255066DC00A95387 /* Concentration */;
			targetProxy = DC6A7362255066DE00A95387 /* PBXContainerItemProxy */;
		};
		DC6A736E255066DE00A95387 /* PBXTargetDependency */ = {
			isa = PBXTargetDependency;
			target = DC6A734A255066DC00A95387 /* Concentration */;
			targetProxy = DC6A736D255066DE00A95387 /* PBXContainerItemProxy */;
		};
/* End PBXTargetDependency section */

/* Begin PBXVariantGroup section */
		DC6A7354255066DC00A95387 /* Main.storyboard */ = {
			isa = PBXVariantGroup;
			children = (
				DC6A7355255066DC00A95387 /* Base */,
			);
			name = Main.storyboard;
			sourceTree = "<group>";
		};
		DC6A7359255066DE00A95387 /* LaunchScreen.storyboard */ = {
			isa = PBXVariantGroup;
			children = (
				DC6A735A255066DE00A95387 /* Base */,
			);
			name = LaunchScreen.storyboard;
			sourceTree = "<group>";
		};
/* End PBXVariantGroup section */

/* Begin XCBuildConfiguration section */
		DC6A7373255066DE00A95387 /* Debug */ = {
			isa = XCBuildConfiguration;
			buildSettings = {
				ALWAYS_SEARCH_USER_PATHS = NO;
				CLANG_ANALYZER_NONNULL = YES;
				CLANG_ANALYZER_NUMBER_OBJECT_CONVERSION = YES_AGGRESSIVE;
				CLANG_CXX_LANGUAGE_STANDARD = "gnu++14";
				CLANG_CXX_LIBRARY = "libc++";
				CLANG_ENABLE_MODULES = YES;
				CLANG_ENABLE_OBJC_ARC = YES;
				CLANG_ENABLE_OBJC_WEAK = YES;
				CLANG_WARN_BLOCK_CAPTURE_AUTORELEASING = YES;
				CLANG_WARN_BOOL_CONVERSION = YES;
				CLANG_WARN_COMMA = YES;
				CLANG_WARN_CONSTANT_CONVERSION = YES;
				CLANG_WARN_DEPRECATED_OBJC_IMPLEMENTATIONS = YES;
				CLANG_WARN_DIRECT_OBJC_ISA_USAGE = YES_ERROR;
				CLANG_WARN_DOCUMENTATION_COMMENTS = YES;
				CLANG_WARN_EMPTY_BODY = YES;
				CLANG_WARN_ENUM_CONVERSION = YES;
				CLANG_WARN_INFINITE_RECURSION = YES;
				CLANG_WARN_INT_CONVERSION = YES;
				CLANG_WARN_NON_LITERAL_NULL_CONVERSION = YES;
				CLANG_WARN_OBJC_IMPLICIT_RETAIN_SELF = YES;
				CLANG_WARN_OBJC_LITERAL_CONVERSION = YES;
				CLANG_WARN_OBJC_ROOT_CLASS = YES_ERROR;
				CLANG_WARN_QUOTED_INCLUDE_IN_FRAMEWORK_HEADER = YES;
				CLANG_WARN_RANGE_LOOP_ANALYSIS = YES;
				CLANG_WARN_STRICT_PROTOTYPES = YES;
				CLANG_WARN_SUSPICIOUS_MOVE = YES;
				CLANG_WARN_UNGUARDED_AVAILABILITY = YES_AGGRESSIVE;
				CLANG_WARN_UNREACHABLE_CODE = YES;
				CLANG_WARN__DUPLICATE_METHOD_MATCH = YES;
				COPY_PHASE_STRIP = NO;
				DEBUG_INFORMATION_FORMAT = dwarf;
				ENABLE_STRICT_OBJC_MSGSEND = YES;
				ENABLE_TESTABILITY = YES;
				GCC_C_LANGUAGE_STANDARD = gnu11;
				GCC_DYNAMIC_NO_PIC = NO;
				GCC_NO_COMMON_BLOCKS = YES;
				GCC_OPTIMIZATION_LEVEL = 0;
				GCC_PREPROCESSOR_DEFINITIONS = (
					"DEBUG=1",
					"$(inherited)",
				);
				GCC_WARN_64_TO_32_BIT_CONVERSION = YES;
				GCC_WARN_ABOUT_RETURN_TYPE = YES_ERROR;
				GCC_WARN_UNDECLARED_SELECTOR = YES;
				GCC_WARN_UNINITIALIZED_AUTOS = YES_AGGRESSIVE;
				GCC_WARN_UNUSED_FUNCTION = YES;
				GCC_WARN_UNUSED_VARIABLE = YES;
				IPHONEOS_DEPLOYMENT_TARGET = 14.1;
				MTL_ENABLE_DEBUG_INFO = INCLUDE_SOURCE;
				MTL_FAST_MATH = YES;
				ONLY_ACTIVE_ARCH = YES;
				SDKROOT = iphoneos;
				SWIFT_ACTIVE_COMPILATION_CONDITIONS = DEBUG;
				SWIFT_OPTIMIZATION_LEVEL = "-Onone";
			};
			name = Debug;
		};
		DC6A7374255066DE00A95387 /* Release */ = {
			isa = XCBuildConfiguration;
			buildSettings = {
				ALWAYS_SEARCH_USER_PATHS = NO;
				CLANG_ANALYZER_NONNULL = YES;
				CLANG_ANALYZER_NUMBER_OBJECT_CONVERSION = YES_AGGRESSIVE;
				CLANG_CXX_LANGUAGE_STANDARD = "gnu++14";
				CLANG_CXX_LIBRARY = "libc++";
				CLANG_ENABLE_MODULES = YES;
				CLANG_ENABLE_OBJC_ARC = YES;
				CLANG_ENABLE_OBJC_WEAK = YES;
				CLANG_WARN_BLOCK_CAPTURE_AUTORELEASING = YES;
				CLANG_WARN_BOOL_CONVERSION = YES;
				CLANG_WARN_COMMA = YES;
				CLANG_WARN_CONSTANT_CONVERSION = YES;
				CLANG_WARN_DEPRECATED_OBJC_IMPLEMENTATIONS = YES;
				CLANG_WARN_DIRECT_OBJC_ISA_USAGE = YES_ERROR;
				CLANG_WARN_DOCUMENTATION_COMMENTS = YES;
				CLANG_WARN_EMPTY_BODY = YES;
				CLANG_WARN_ENUM_CONVERSION = YES;
				CLANG_WARN_INFINITE_RECURSION = YES;
				CLANG_WARN_INT_CONVERSION = YES;
				CLANG_WARN_NON_LITERAL_NULL_CONVERSION = YES;
				CLANG_WARN_OBJC_IMPLICIT_RETAIN_SELF = YES;
				CLANG_WARN_OBJC_LITERAL_CONVERSION = YES;
				CLANG_WARN_OBJC_ROOT_CLASS = YES_ERROR;
				CLANG_WARN_QUOTED_INCLUDE_IN_FRAMEWORK_HEADER = YES;
				CLANG_WARN_RANGE_LOOP_ANALYSIS = YES;
				CLANG_WARN_STRICT_PROTOTYPES = YES;
				CLANG_WARN_SUSPICIOUS_MOVE = YES;
				CLANG_WARN_UNGUARDED_AVAILABILITY = YES_AGGRESSIVE;
				CLANG_WARN_UNREACHABLE_CODE = YES;
				CLANG_WARN__DUPLICATE_METHOD_MATCH = YES;
				COPY_PHASE_STRIP = NO;
				DEBUG_INFORMATION_FORMAT = "dwarf-with-dsym";
				ENABLE_NS_ASSERTIONS = NO;
				ENABLE_STRICT_OBJC_MSGSEND = YES;
				GCC_C_LANGUAGE_STANDARD = gnu11;
				GCC_NO_COMMON_BLOCKS = YES;
				GCC_WARN_64_TO_32_BIT_CONVERSION = YES;
				GCC_WARN_ABOUT_RETURN_TYPE = YES_ERROR;
				GCC_WARN_UNDECLARED_SELECTOR = YES;
				GCC_WARN_UNINITIALIZED_AUTOS = YES_AGGRESSIVE;
				GCC_WARN_UNUSED_FUNCTION = YES;
				GCC_WARN_UNUSED_VARIABLE = YES;
				IPHONEOS_DEPLOYMENT_TARGET = 14.1;
				MTL_ENABLE_DEBUG_INFO = NO;
				MTL_FAST_MATH = YES;
				SDKROOT = iphoneos;
				SWIFT_COMPILATION_MODE = wholemodule;
				SWIFT_OPTIMIZATION_LEVEL = "-O";
				VALIDATE_PRODUCT = YES;
			};
			name = Release;
		};
		DC6A7376255066DE00A95387 /* Debug */ = {
			isa = XCBuildConfiguration;
			buildSettings = {
				ASSETCATALOG_COMPILER_APPICON_NAME = AppIcon;
				ASSETCATALOG_COMPILER_GLOBAL_ACCENT_COLOR_NAME = AccentColor;
				CODE_SIGN_STYLE = Automatic;
				INFOPLIST_FILE = Concentration/Info.plist;
				IPHONEOS_DEPLOYMENT_TARGET = 13.0;
				LD_RUNPATH_SEARCH_PATHS = (
					"$(inherited)",
					"@executable_path/Frameworks",
				);
				PRODUCT_BUNDLE_IDENTIFIER = undefined.Concentration;
				PRODUCT_NAME = "$(TARGET_NAME)";
				SWIFT_VERSION = 5.0;
				TARGETED_DEVICE_FAMILY = "1,2";
			};
			name = Debug;
		};
		DC6A7377255066DE00A95387 /* Release */ = {
			isa = XCBuildConfiguration;
			buildSettings = {
				ASSETCATALOG_COMPILER_APPICON_NAME = AppIcon;
				ASSETCATALOG_COMPILER_GLOBAL_ACCENT_COLOR_NAME = AccentColor;
				CODE_SIGN_STYLE = Automatic;
				INFOPLIST_FILE = Concentration/Info.plist;
				IPHONEOS_DEPLOYMENT_TARGET = 13.0;
				LD_RUNPATH_SEARCH_PATHS = (
					"$(inherited)",
					"@executable_path/Frameworks",
				);
				PRODUCT_BUNDLE_IDENTIFIER = undefined.Concentration;
				PRODUCT_NAME = "$(TARGET_NAME)";
				SWIFT_VERSION = 5.0;
				TARGETED_DEVICE_FAMILY = "1,2";
			};
			name = Release;
		};
		DC6A7379255066DE00A95387 /* Debug */ = {
			isa = XCBuildConfiguration;
			buildSettings = {
				ALWAYS_EMBED_SWIFT_STANDARD_LIBRARIES = YES;
				BUNDLE_LOADER = "$(TEST_HOST)";
				CODE_SIGN_STYLE = Automatic;
				INFOPLIST_FILE = ConcentrationTests/Info.plist;
				IPHONEOS_DEPLOYMENT_TARGET = 14.1;
				LD_RUNPATH_SEARCH_PATHS = (
					"$(inherited)",
					"@executable_path/Frameworks",
					"@loader_path/Frameworks",
				);
				PRODUCT_BUNDLE_IDENTIFIER = undefined.ConcentrationTests;
				PRODUCT_NAME = "$(TARGET_NAME)";
				SWIFT_VERSION = 5.0;
				TARGETED_DEVICE_FAMILY = "1,2";
				TEST_HOST = "$(BUILT_PRODUCTS_DIR)/Concentration.app/Concentration";
			};
			name = Debug;
		};
		DC6A737A255066DE00A95387 /* Release */ = {
			isa = XCBuildConfiguration;
			buildSettings = {
				ALWAYS_EMBED_SWIFT_STANDARD_LIBRARIES = YES;
				BUNDLE_LOADER = "$(TEST_HOST)";
				CODE_SIGN_STYLE = Automatic;
				INFOPLIST_FILE = ConcentrationTests/Info.plist;
				IPHONEOS_DEPLOYMENT_TARGET = 14.1;
				LD_RUNPATH_SEARCH_PATHS = (
					"$(inherited)",
					"@executable_path/Frameworks",
					"@loader_path/Frameworks",
				);
				PRODUCT_BUNDLE_IDENTIFIER = undefined.ConcentrationTests;
				PRODUCT_NAME = "$(TARGET_NAME)";
				SWIFT_VERSION = 5.0;
				TARGETED_DEVICE_FAMILY = "1,2";
				TEST_HOST = "$(BUILT_PRODUCTS_DIR)/Concentration.app/Concentration";
			};
			name = Release;
		};
		DC6A737C255066DE00A95387 /* Debug */ = {
			isa = XCBuildConfiguration;
			buildSettings = {
				ALWAYS_EMBED_SWIFT_STANDARD_LIBRARIES = YES;
				CODE_SIGN_STYLE = Automatic;
				INFOPLIST_FILE = ConcentrationUITests/Info.plist;
				LD_RUNPATH_SEARCH_PATHS = (
					"$(inherited)",
					"@executable_path/Frameworks",
					"@loader_path/Frameworks",
				);
				PRODUCT_BUNDLE_IDENTIFIER = undefined.ConcentrationUITests;
				PRODUCT_NAME = "$(TARGET_NAME)";
				SWIFT_VERSION = 5.0;
				TARGETED_DEVICE_FAMILY = "1,2";
				TEST_TARGET_NAME = Concentration;
			};
			name = Debug;
		};
		DC6A737D255066DE00A95387 /* Release */ = {
			isa = XCBuildConfiguration;
			buildSettings = {
				ALWAYS_EMBED_SWIFT_STANDARD_LIBRARIES = YES;
				CODE_SIGN_STYLE = Automatic;
				INFOPLIST_FILE = ConcentrationUITests/Info.plist;
				LD_RUNPATH_SEARCH_PATHS = (
					"$(inherited)",
					"@executable_path/Frameworks",
					"@loader_path/Frameworks",
				);
				PRODUCT_BUNDLE_IDENTIFIER = undefined.ConcentrationUITests;
				PRODUCT_NAME = "$(TARGET_NAME)";
				SWIFT_VERSION = 5.0;
				TARGETED_DEVICE_FAMILY = "1,2";
				TEST_TARGET_NAME = Concentration;
			};
			name = Release;
		};
/* End XCBuildConfiguration section */

/* Begin XCConfigurationList section */
		DC6A7346255066DC00A95387 /* Build configuration list for PBXProject "Concentration" */ = {
			isa = XCConfigurationList;
			buildConfigurations = (
				DC6A7373255066DE00A95387 /* Debug */,
				DC6A7374255066DE00A95387 /* Release */,
			);
			defaultConfigurationIsVisible = 0;
			defaultConfigurationName = Release;
		};
		DC6A7375255066DE00A95387 /* Build configuration list for PBXNativeTarget "Concentration" */ = {
			isa = XCConfigurationList;
			buildConfigurations = (
				DC6A7376255066DE00A95387 /* Debug */,
				DC6A7377255066DE00A95387 /* Release */,
			);
			defaultConfigurationIsVisible = 0;
			defaultConfigurationName = Release;
		};
		DC6A7378255066DE00A95387 /* Build configuration list for PBXNativeTarget "ConcentrationTests" */ = {
			isa = XCConfigurationList;
			buildConfigurations = (
				DC6A7379255066DE00A95387 /* Debug */,
				DC6A737A255066DE00A95387 /* Release */,
			);
			defaultConfigurationIsVisible = 0;
			defaultConfigurationName = Release;
		};
		DC6A737B255066DE00A95387 /* Build configuration list for PBXNativeTarget "ConcentrationUITests" */ = {
			isa = XCConfigurationList;
			buildConfigurations = (
				DC6A737C255066DE00A95387 /* Debug */,
				DC6A737D255066DE00A95387 /* Release */,
			);
			defaultConfigurationIsVisible = 0;
			defaultConfigurationName = Release;
		};
/* End XCConfigurationList section */
	};
	rootObject = DC6A7343255066DC00A95387 /* Project object */;
}
